
Microsoft Visual Studio Solution File, Format Version 12.00
# Visual Studio 15
VisualStudioVersion = 15.0.28307.136
MinimumVisualStudioVersion = 10.0.40219.1
Project("{FAE04EC0-301F-11D3-BF4B-00C04F79EFBC}") = "Simplic.Navigation.Command.Service", "Simplic.Navigation.Command.Service\Simplic.Navigation.Command.Service.csproj", "{6857229A-6D32-42DB-9188-6672346156F5}"
EndProject
Project("{FAE04EC0-301F-11D3-BF4B-00C04F79EFBC}") = "Simplic.Navigation.Command.UI", "Simplic.Navigation.Command.UI\Simplic.Navigation.Command.UI.csproj", "{8C6EEC5B-DB83-4CE9-99CC-EA8D1F813CBD}"
EndProject
Project("{FAE04EC0-301F-11D3-BF4B-00C04F79EFBC}") = "Simplic.Navigation.Command", "Simplic.Navigation.Command\Simplic.Navigation.Command.csproj", "{82DF625C-A67D-4ECF-9A82-D23CD93C40CD}"
EndProject
Project("{FAE04EC0-301F-11D3-BF4B-00C04F79EFBC}") = "Simplic.Navigation.Command.Test", "Simplic.Navigation.Command.Test\Simplic.Navigation.Command.Test.csproj", "{68DC50C1-27D2-47EC-9347-E541D713715B}"
EndProject
Project("{2150E333-8FDC-42A3-9474-1A3956D46DE8}") = "Testing", "Testing", "{A463F40B-4903-4D3E-A19E-6DFAC93987A8}"
EndProject
Global
	GlobalSection(SolutionConfigurationPlatforms) = preSolution
		Debug|Any CPU = Debug|Any CPU
		Release|Any CPU = Release|Any CPU
	EndGlobalSection
	GlobalSection(ProjectConfigurationPlatforms) = postSolution
		{6857229A-6D32-42DB-9188-6672346156F5}.Debug|Any CPU.ActiveCfg = Debug|Any CPU
		{6857229A-6D32-42DB-9188-6672346156F5}.Debug|Any CPU.Build.0 = Debug|Any CPU
		{6857229A-6D32-42DB-9188-6672346156F5}.Release|Any CPU.ActiveCfg = Release|Any CPU
		{6857229A-6D32-42DB-9188-6672346156F5}.Release|Any CPU.Build.0 = Release|Any CPU
		{8C6EEC5B-DB83-4CE9-99CC-EA8D1F813CBD}.Debug|Any CPU.ActiveCfg = Debug|Any CPU
		{8C6EEC5B-DB83-4CE9-99CC-EA8D1F813CBD}.Debug|Any CPU.Build.0 = Debug|Any CPU
		{8C6EEC5B-DB83-4CE9-99CC-EA8D1F813CBD}.Release|Any CPU.ActiveCfg = Release|Any CPU
		{8C6EEC5B-DB83-4CE9-99CC-EA8D1F813CBD}.Release|Any CPU.Build.0 = Release|Any CPU
		{82DF625C-A67D-4ECF-9A82-D23CD93C40CD}.Debug|Any CPU.ActiveCfg = Debug|Any CPU
		{82DF625C-A67D-4ECF-9A82-D23CD93C40CD}.Debug|Any CPU.Build.0 = Debug|Any CPU
		{82DF625C-A67D-4ECF-9A82-D23CD93C40CD}.Release|Any CPU.ActiveCfg = Release|Any CPU
		{82DF625C-A67D-4ECF-9A82-D23CD93C40CD}.Release|Any CPU.Build.0 = Release|Any CPU
		{68DC50C1-27D2-47EC-9347-E541D713715B}.Debug|Any CPU.ActiveCfg = Debug|Any CPU
		{68DC50C1-27D2-47EC-9347-E541D713715B}.Debug|Any CPU.Build.0 = Debug|Any CPU
		{68DC50C1-27D2-47EC-9347-E541D713715B}.Release|Any CPU.ActiveCfg = Release|Any CPU
		{68DC50C1-27D2-47EC-9347-E541D713715B}.Release|Any CPU.Build.0 = Release|Any CPU
	EndGlobalSection
	GlobalSection(SolutionProperties) = preSolution
		HideSolutionNode = FALSE
	EndGlobalSection
	GlobalSection(NestedProjects) = preSolution
		{68DC50C1-27D2-47EC-9347-E541D713715B} = {A463F40B-4903-4D3E-A19E-6DFAC93987A8}
	EndGlobalSection
	GlobalSection(ExtensibilityGlobals) = postSolution
		SolutionGuid = {22AD0ECE-20E8-4550-82E4-95C8F05E0A79}
	EndGlobalSection
EndGlobal
